<?xml version="1.0" encoding="utf-8"?>
<Project ToolsVersion="4.0" xmlns="http://schemas.microsoft.com/developer/msbuild/2003">
  <ItemGroup>
    <Filter Include="Source Files">
      <UniqueIdentifier>{4FC737F1-C7A5-4376-A066-2A32D752A2FF}</UniqueIdentifier>
      <Extensions>cpp;c;cc;cxx;def;odl;idl;hpj;bat;asm;asmx</Extensions>
    </Filter>
    <Filter Include="Header Files">
      <UniqueIdentifier>{93995380-89BD-4b04-88EB-625FBE52EBFB}</UniqueIdentifier>
      <Extensions>h;hh;hpp;hxx;hm;inl;inc;xsd</Extensions>
    </Filter>
    <Filter Include="Resource Files">
      <UniqueIdentifier>{67DA6AB6-F800-4c08-8B7A-83BB121AAD01}</UniqueIdentifier>
      <Extensions>rc;ico;cur;bmp;dlg;rc2;rct;bin;rgs;gif;jpg;jpeg;jpe;resx;tiff;tif;png;wav;mfcribbon-ms</Extensions>
    </Filter>
    <Filter Include="Header Files\Character">
      <UniqueIdentifier>{81953614-3c77-484f-ab36-e50e8f06f2fc}</UniqueIdentifier>
    </Filter>
    <Filter Include="Source Files\Character">
      <UniqueIdentifier>{c30603cb-3870-45fb-a4ce-65cc7b465dc9}</UniqueIdentifier>
    </Filter>
    <Filter Include="Header Files\Character\CharacterManager">
      <UniqueIdentifier>{cd4c8b81-ac52-4bc5-8ff6-41a4dd90a927}</UniqueIdentifier>
    </Filter>
    <Filter Include="Source Files\Character\CharacterManager">
      <UniqueIdentifier>{a9774885-efcb-47d9-a430-01ea468dfc7f}</UniqueIdentifier>
    </Filter>
    <Filter Include="Header Files\Character\CharacterBlockingSystem">
      <UniqueIdentifier>{9f4c071f-65ce-4bbb-bcf4-5e23c9539eb6}</UniqueIdentifier>
    </Filter>
    <Filter Include="Header Files\Character\CharacterRequest">
      <UniqueIdentifier>{dbca8dfb-896e-4b2c-aa4e-bf10de0dd101}</UniqueIdentifier>
    </Filter>
    <Filter Include="Header Files\GameManager">
      <UniqueIdentifier>{28c1bbb3-52be-4ef6-a3e4-7a8d32e8b0c6}</UniqueIdentifier>
    </Filter>
    <Filter Include="Source Files\Character\CharacterBlockingSystem">
      <UniqueIdentifier>{3d84992d-05ef-4172-b83d-02b1177ba829}</UniqueIdentifier>
    </Filter>
    <Filter Include="Source Files\Character\CharacterRequest">
      <UniqueIdentifier>{c969cab5-99c2-4133-9021-5af2ae3802a7}</UniqueIdentifier>
    </Filter>
    <Filter Include="Source Files\GameManager">
      <UniqueIdentifier>{c3e4dc30-b5f8-4ede-b2ce-c62a38abd5da}</UniqueIdentifier>
    </Filter>
    <Filter Include="Header Files\Tool">
      <UniqueIdentifier>{00d7e89b-80ab-4fcb-bfdd-d60d48b0f7fe}</UniqueIdentifier>
    </Filter>
    <Filter Include="Source Files\Tool">
      <UniqueIdentifier>{4b2ebb67-62fe-4c93-b925-7497d4016fc9}</UniqueIdentifier>
    </Filter>
  </ItemGroup>
  <ItemGroup>
    <ClInclude Include="Character.h">
      <Filter>Header Files\Character</Filter>
    </ClInclude>
    <ClInclude Include="CharacterManager.h">
      <Filter>Header Files\Character\CharacterManager</Filter>
    </ClInclude>
    <ClInclude Include="CharacterManagerName.h">
      <Filter>Header Files\Character\CharacterManager</Filter>
    </ClInclude>
    <ClInclude Include="CharacterBlockingSystem.h">
      <Filter>Header Files\Character\CharacterBlockingSystem</Filter>
    </ClInclude>
    <ClInclude Include="BasicCharacterBlockingSystem.h">
      <Filter>Header Files\Character\CharacterBlockingSystem</Filter>
    </ClInclude>
    <ClInclude Include="CharacterRequest.h">
      <Filter>Header Files\Character\CharacterRequest</Filter>
    </ClInclude>
    <ClInclude Include="CharacterRequestType.h">
      <Filter>Header Files\Character\CharacterRequest</Filter>
    </ClInclude>
    <ClInclude Include="CharacterToGameManagerRequest.h">
      <Filter>Header Files\Character\CharacterRequest</Filter>
    </ClInclude>
    <ClInclude Include="GameManager.h">
      <Filter>Header Files\GameManager</Filter>
    </ClInclude>
    <ClInclude Include="HandlerName.h">
      <Filter>Header Files\GameManager</Filter>
    </ClInclude>
    <ClInclude Include="CharacterManagementSystem.h">
      <Filter>Header Files\Character\CharacterManager</Filter>
    </ClInclude>
    <ClInclude Include="Success.h">
      <Filter>Header Files</Filter>
    </ClInclude>
    <ClInclude Include="Tool.h">
      <Filter>Header Files\Tool</Filter>
    </ClInclude>
    <ClInclude Include="ToolSpec.h">
      <Filter>Header Files\Tool</Filter>
    </ClInclude>
    <ClInclude Include="GameComponentManager.h">
      <Filter>Header Files\GameManager</Filter>
    </ClInclude>
  </ItemGroup>
  <ItemGroup>
    <ClCompile Include="main.cpp">
      <Filter>Source Files</Filter>
    </ClCompile>
    <ClCompile Include="Character.cpp">
      <Filter>Source Files\Character</Filter>
    </ClCompile>
    <ClCompile Include="CharacterManager.cpp">
      <Filter>Source Files\Character\CharacterManager</Filter>
    </ClCompile>
    <ClCompile Include="BasicCharacterBlockingSystem.cpp">
      <Filter>Source Files\Character\CharacterBlockingSystem</Filter>
    </ClCompile>
    <ClCompile Include="CharacterToGameManagerRequest.cpp">
      <Filter>Source Files\Character\CharacterRequest</Filter>
    </ClCompile>
    <ClCompile Include="GameManager.cpp">
      <Filter>Source Files\GameManager</Filter>
    </ClCompile>
    <ClCompile Include="Tool.cpp">
      <Filter>Source Files\Tool</Filter>
    </ClCompile>
    <ClCompile Include="ToolSpec.cpp">
      <Filter>Source Files\Tool</Filter>
    </ClCompile>
    <ClCompile Include="GameComponentManager.cpp">
      <Filter>Source Files\GameManager</Filter>
    </ClCompile>
    <ClCompile Include="CharacterManagementSystem.cpp">
      <Filter>Source Files\Character\CharacterManager</Filter>
    </ClCompile>
  </ItemGroup>
</Project>